// !$*UTF8*$!
{
	archiveVersion = 1;
	classes = {
	};
	objectVersion = 55;
	objects = {

/* Begin PBXBuildFile section */
		FA07F59927E8A8EB003D9BB6 /* UNNotificationCenter.swift in Sources */ = {isa = PBXBuildFile; fileRef = FA07F59827E8A8EB003D9BB6 /* UNNotificationCenter.swift */; };
		FA28CC5927E20ABD004D4AFB /* AppDelegate.swift in Sources */ = {isa = PBXBuildFile; fileRef = FA28CC5827E20ABD004D4AFB /* AppDelegate.swift */; };
		FA28CC5B27E20ABD004D4AFB /* SceneDelegate.swift in Sources */ = {isa = PBXBuildFile; fileRef = FA28CC5A27E20ABD004D4AFB /* SceneDelegate.swift */; };
		FA28CC6027E20ABD004D4AFB /* Main.storyboard in Resources */ = {isa = PBXBuildFile; fileRef = FA28CC5E27E20ABD004D4AFB /* Main.storyboard */; };
		FA28CC6227E20ABE004D4AFB /* Assets.xcassets in Resources */ = {isa = PBXBuildFile; fileRef = FA28CC6127E20ABE004D4AFB /* Assets.xcassets */; };
		FA28CC6527E20ABE004D4AFB /* LaunchScreen.storyboard in Resources */ = {isa = PBXBuildFile; fileRef = FA28CC6327E20ABE004D4AFB /* LaunchScreen.storyboard */; };
		FA28CC6D27E20B04004D4AFB /* AlertListViewController.swift in Sources */ = {isa = PBXBuildFile; fileRef = FA28CC6C27E20B04004D4AFB /* AlertListViewController.swift */; };
		FA28CC7027E21107004D4AFB /* AlertListCell.swift in Sources */ = {isa = PBXBuildFile; fileRef = FA28CC6E27E21107004D4AFB /* AlertListCell.swift */; };
		FA28CC7127E21107004D4AFB /* AlertListCell.xib in Resources */ = {isa = PBXBuildFile; fileRef = FA28CC6F27E21107004D4AFB /* AlertListCell.xib */; };
		FA28CC7327E21469004D4AFB /* Alert.swift in Sources */ = {isa = PBXBuildFile; fileRef = FA28CC7227E21469004D4AFB /* Alert.swift */; };
		FAAAD9DF27E758FF0051B6B4 /* AddAlertViewController.swift in Sources */ = {isa = PBXBuildFile; fileRef = FAAAD9DE27E758FF0051B6B4 /* AddAlertViewController.swift */; };
/* End PBXBuildFile section */

/* Begin PBXFileReference section */
		FA07F59827E8A8EB003D9BB6 /* UNNotificationCenter.swift */ = {isa = PBXFileReference; lastKnownFileType = sourcecode.swift; path = UNNotificationCenter.swift; sourceTree = "<group>"; };
		FA28CC5527E20ABD004D4AFB /* Drink.app */ = {isa = PBXFileReference; explicitFileType = wrapper.application; includeInIndex = 0; path = Drink.app; sourceTree = BUILT_PRODUCTS_DIR; };
		FA28CC5827E20ABD004D4AFB /* AppDelegate.swift */ = {isa = PBXFileReference; lastKnownFileType = sourcecode.swift; path = AppDelegate.swift; sourceTree = "<group>"; };
		FA28CC5A27E20ABD004D4AFB /* SceneDelegate.swift */ = {isa = PBXFileReference; lastKnownFileType = sourcecode.swift; path = SceneDelegate.swift; sourceTree = "<group>"; };
		FA28CC5F27E20ABD004D4AFB /* Base */ = {isa = PBXFileReference; lastKnownFileType = file.storyboard; name = Base; path = Base.lproj/Main.storyboard; sourceTree = "<group>"; };
		FA28CC6127E20ABE004D4AFB /* Assets.xcassets */ = {isa = PBXFileReference; lastKnownFileType = folder.assetcatalog; path = Assets.xcassets; sourceTree = "<group>"; };
		FA28CC6427E20ABE004D4AFB /* Base */ = {isa = PBXFileReference; lastKnownFileType = file.storyboard; name = Base; path = Base.lproj/LaunchScreen.storyboard; sourceTree = "<group>"; };
		FA28CC6627E20ABE004D4AFB /* Info.plist */ = {isa = PBXFileReference; lastKnownFileType = text.plist.xml; path = Info.plist; sourceTree = "<group>"; };
		FA28CC6C27E20B04004D4AFB /* AlertListViewController.swift */ = {isa = PBXFileReference; lastKnownFileType = sourcecode.swift; path = AlertListViewController.swift; sourceTree = "<group>"; };
		FA28CC6E27E21107004D4AFB /* AlertListCell.swift */ = {isa = PBXFileReference; lastKnownFileType = sourcecode.swift; path = AlertListCell.swift; sourceTree = "<group>"; };
		FA28CC6F27E21107004D4AFB /* AlertListCell.xib */ = {isa = PBXFileReference; lastKnownFileType = file.xib; path = AlertListCell.xib; sourceTree = "<group>"; };
		FA28CC7227E21469004D4AFB /* Alert.swift */ = {isa = PBXFileReference; lastKnownFileType = sourcecode.swift; path = Alert.swift; sourceTree = "<group>"; };
		FAAAD9DE27E758FF0051B6B4 /* AddAlertViewController.swift */ = {isa = PBXFileReference; lastKnownFileType = sourcecode.swift; path = AddAlertViewController.swift; sourceTree = "<group>"; };
/* End PBXFileReference section */

/* Begin PBXFrameworksBuildPhase section */
		FA28CC5227E20ABD004D4AFB /* Frameworks */ = {
			isa = PBXFrameworksBuildPhase;
			buildActionMask = 2147483647;
			files = (
			);
			runOnlyForDeploymentPostprocessing = 0;
		};
/* End PBXFrameworksBuildPhase section */

/* Begin PBXGroup section */
		FA28CC4C27E20ABD004D4AFB = {
			isa = PBXGroup;
			children = (
				FA28CC5727E20ABD004D4AFB /* Drink */,
				FA28CC5627E20ABD004D4AFB /* Products */,
			);
			sourceTree = "<group>";
		};
		FA28CC5627E20ABD004D4AFB /* Products */ = {
			isa = PBXGroup;
			children = (
				FA28CC5527E20ABD004D4AFB /* Drink.app */,
			);
			name = Products;
			sourceTree = "<group>";
		};
		FA28CC5727E20ABD004D4AFB /* Drink */ = {
			isa = PBXGroup;
			children = (
				FA28CC5827E20ABD004D4AFB /* AppDelegate.swift */,
				FA07F59827E8A8EB003D9BB6 /* UNNotificationCenter.swift */,
				FA28CC5A27E20ABD004D4AFB /* SceneDelegate.swift */,
				FA28CC6C27E20B04004D4AFB /* AlertListViewController.swift */,
				FA28CC7227E21469004D4AFB /* Alert.swift */,
				FA28CC5E27E20ABD004D4AFB /* Main.storyboard */,
				FAAAD9DE27E758FF0051B6B4 /* AddAlertViewController.swift */,
				FA28CC6E27E21107004D4AFB /* AlertListCell.swift */,
				FA28CC6F27E21107004D4AFB /* AlertListCell.xib */,
				FA28CC6127E20ABE004D4AFB /* Assets.xcassets */,
				FA28CC6327E20ABE004D4AFB /* LaunchScreen.storyboard */,
				FA28CC6627E20ABE004D4AFB /* Info.plist */,
			);
			path = Drink;
			sourceTree = "<group>";
		};
/* End PBXGroup section */

/* Begin PBXNativeTarget section */
		FA28CC5427E20ABD004D4AFB /* Drink */ = {
			isa = PBXNativeTarget;
			buildConfigurationList = FA28CC6927E20ABE004D4AFB /* Build configuration list for PBXNativeTarget "Drink" */;
			buildPhases = (
				FA28CC5127E20ABD004D4AFB /* Sources */,
				FA28CC5227E20ABD004D4AFB /* Frameworks */,
				FA28CC5327E20ABD004D4AFB /* Resources */,
			);
			buildRules = (
			);
			dependencies = (
			);
			name = Drink;
			productName = Drink;
			productReference = FA28CC5527E20ABD004D4AFB /* Drink.app */;
			productType = "com.apple.product-type.application";
		};
/* End PBXNativeTarget section */

/* Begin PBXProject section */
		FA28CC4D27E20ABD004D4AFB /* Project object */ = {
			isa = PBXProject;
			attributes = {
				BuildIndependentTargetsInParallel = 1;
				LastSwiftUpdateCheck = 1320;
				LastUpgradeCheck = 1320;
				TargetAttributes = {
					FA28CC5427E20ABD004D4AFB = {
						CreatedOnToolsVersion = 13.2.1;
					};
				};
			};
			buildConfigurationList = FA28CC5027E20ABD004D4AFB /* Build configuration list for PBXProject "Drink" */;
			compatibilityVersion = "Xcode 13.0";
			developmentRegion = en;
			hasScannedForEncodings = 0;
			knownRegions = (
				en,
				Base,
			);
			mainGroup = FA28CC4C27E20ABD004D4AFB;
			productRefGroup = FA28CC5627E20ABD004D4AFB /* Products */;
			projectDirPath = "";
			projectRoot = "";
			targets = (
				FA28CC5427E20ABD004D4AFB /* Drink */,
			);
		};
/* End PBXProject section */

/* Begin PBXResourcesBuildPhase section */
		FA28CC5327E20ABD004D4AFB /* Resources */ = {
			isa = PBXResourcesBuildPhase;
			buildActionMask = 2147483647;
			files = (
				FA28CC6527E20ABE004D4AFB /* LaunchScreen.storyboard in Resources */,
				FA28CC6227E20ABE004D4AFB /* Assets.xcassets in Resources */,
				FA28CC7127E21107004D4AFB /* AlertListCell.xib in Resources */,
				FA28CC6027E20ABD004D4AFB /* Main.storyboard in Resources */,
			);
			runOnlyForDeploymentPostprocessing = 0;
		};
/* End PBXResourcesBuildPhase section */

/* Begin PBXSourcesBuildPhase section */
		FA28CC5127E20ABD004D4AFB /* Sources */ = {
			isa = PBXSourcesBuildPhase;
			buildActionMask = 2147483647;
			files = (
				FA28CC5927E20ABD004D4AFB /* AppDelegate.swift in Sources */,
				FA28CC5B27E20ABD004D4AFB /* SceneDelegate.swift in Sources */,
				FA28CC7027E21107004D4AFB /* AlertListCell.swift in Sources */,
				FA28CC7327E21469004D4AFB /* Alert.swift in Sources */,
				FA28CC6D27E20B04004D4AFB /* AlertListViewController.swift in Sources */,
				FA07F59927E8A8EB003D9BB6 /* UNNotificationCenter.swift in Sources */,
				FAAAD9DF27E758FF0051B6B4 /* AddAlertViewController.swift in Sources */,
			);
			runOnlyForDeploymentPostprocessing = 0;
		};
/* End PBXSourcesBuildPhase section */

/* Begin PBXVariantGroup section */
		FA28CC5E27E20ABD004D4AFB /* Main.storyboard */ = {
			isa = PBXVariantGroup;
			children = (
				FA28CC5F27E20ABD004D4AFB /* Base */,
			);
			name = Main.storyboard;
			sourceTree = "<group>";
		};
		FA28CC6327E20ABE004D4AFB /* LaunchScreen.storyboard */ = {
			isa = PBXVariantGroup;
			children = (
				FA28CC6427E20ABE004D4AFB /* Base */,
			);
			name = LaunchScreen.storyboard;
			sourceTree = "<group>";
		};
/* End PBXVariantGroup section */

/* Begin XCBuildConfiguration section */
		FA28CC6727E20ABE004D4AFB /* Debug */ = {
			isa = XCBuildConfiguration;
			buildSettings = {
				ALWAYS_SEARCH_USER_PATHS = NO;
				CLANG_ANALYZER_NONNULL = YES;
				CLANG_ANALYZER_NUMBER_OBJECT_CONVERSION = YES_AGGRESSIVE;
				CLANG_CXX_LANGUAGE_STANDARD = "gnu++17";
				CLANG_CXX_LIBRARY = "libc++";
				CLANG_ENABLE_MODULES = YES;
				CLANG_ENABLE_OBJC_ARC = YES;
				CLANG_ENABLE_OBJC_WEAK = YES;
				CLANG_WARN_BLOCK_CAPTURE_AUTORELEASING = YES;
				CLANG_WARN_BOOL_CONVERSION = YES;
				CLANG_WARN_COMMA = YES;
				CLANG_WARN_CONSTANT_CONVERSION = YES;
				CLANG_WARN_DEPRECATED_OBJC_IMPLEMENTATIONS = YES;
				CLANG_WARN_DIRECT_OBJC_ISA_USAGE = YES_ERROR;
				CLANG_WARN_DOCUMENTATION_COMMENTS = YES;
				CLANG_WARN_EMPTY_BODY = YES;
				CLANG_WARN_ENUM_CONVERSION = YES;
				CLANG_WARN_INFINITE_RECURSION = YES;
				CLANG_WARN_INT_CONVERSION = YES;
				CLANG_WARN_NON_LITERAL_NULL_CONVERSION = YES;
				CLANG_WARN_OBJC_IMPLICIT_RETAIN_SELF = YES;
				CLANG_WARN_OBJC_LITERAL_CONVERSION = YES;
				CLANG_WARN_OBJC_ROOT_CLASS = YES_ERROR;
				CLANG_WARN_QUOTED_INCLUDE_IN_FRAMEWORK_HEADER = YES;
				CLANG_WARN_RANGE_LOOP_ANALYSIS = YES;
				CLANG_WARN_STRICT_PROTOTYPES = YES;
				CLANG_WARN_SUSPICIOUS_MOVE = YES;
				CLANG_WARN_UNGUARDED_AVAILABILITY = YES_AGGRESSIVE;
				CLANG_WARN_UNREACHABLE_CODE = YES;
				CLANG_WARN__DUPLICATE_METHOD_MATCH = YES;
				COPY_PHASE_STRIP = NO;
				DEBUG_INFORMATION_FORMAT = dwarf;
				ENABLE_STRICT_OBJC_MSGSEND = YES;
				ENABLE_TESTABILITY = YES;
				GCC_C_LANGUAGE_STANDARD = gnu11;
				GCC_DYNAMIC_NO_PIC = NO;
				GCC_NO_COMMON_BLOCKS = YES;
				GCC_OPTIMIZATION_LEVEL = 0;
				GCC_PREPROCESSOR_DEFINITIONS = (
					"DEBUG=1",
					"$(inherited)",
				);
				GCC_WARN_64_TO_32_BIT_CONVERSION = YES;
				GCC_WARN_ABOUT_RETURN_TYPE = YES_ERROR;
				GCC_WARN_UNDECLARED_SELECTOR = YES;
				GCC_WARN_UNINITIALIZED_AUTOS = YES_AGGRESSIVE;
				GCC_WARN_UNUSED_FUNCTION = YES;
				GCC_WARN_UNUSED_VARIABLE = YES;
				IPHONEOS_DEPLOYMENT_TARGET = 15.2;
				MTL_ENABLE_DEBUG_INFO = INCLUDE_SOURCE;
				MTL_FAST_MATH = YES;
				ONLY_ACTIVE_ARCH = YES;
				SDKROOT = iphoneos;
				SWIFT_ACTIVE_COMPILATION_CONDITIONS = DEBUG;
				SWIFT_OPTIMIZATION_LEVEL = "-Onone";
			};
			name = Debug;
		};
		FA28CC6827E20ABE004D4AFB /* Release */ = {
			isa = XCBuildConfiguration;
			buildSettings = {
				ALWAYS_SEARCH_USER_PATHS = NO;
				CLANG_ANALYZER_NONNULL = YES;
				CLANG_ANALYZER_NUMBER_OBJECT_CONVERSION = YES_AGGRESSIVE;
				CLANG_CXX_LANGUAGE_STANDARD = "gnu++17";
				CLANG_CXX_LIBRARY = "libc++";
				CLANG_ENABLE_MODULES = YES;
				CLANG_ENABLE_OBJC_ARC = YES;
				CLANG_ENABLE_OBJC_WEAK = YES;
				CLANG_WARN_BLOCK_CAPTURE_AUTORELEASING = YES;
				CLANG_WARN_BOOL_CONVERSION = YES;
				CLANG_WARN_COMMA = YES;
				CLANG_WARN_CONSTANT_CONVERSION = YES;
				CLANG_WARN_DEPRECATED_OBJC_IMPLEMENTATIONS = YES;
				CLANG_WARN_DIRECT_OBJC_ISA_USAGE = YES_ERROR;
				CLANG_WARN_DOCUMENTATION_COMMENTS = YES;
				CLANG_WARN_EMPTY_BODY = YES;
				CLANG_WARN_ENUM_CONVERSION = YES;
				CLANG_WARN_INFINITE_RECURSION = YES;
				CLANG_WARN_INT_CONVERSION = YES;
				CLANG_WARN_NON_LITERAL_NULL_CONVERSION = YES;
				CLANG_WARN_OBJC_IMPLICIT_RETAIN_SELF = YES;
				CLANG_WARN_OBJC_LITERAL_CONVERSION = YES;
				CLANG_WARN_OBJC_ROOT_CLASS = YES_ERROR;
				CLANG_WARN_QUOTED_INCLUDE_IN_FRAMEWORK_HEADER = YES;
				CLANG_WARN_RANGE_LOOP_ANALYSIS = YES;
				CLANG_WARN_STRICT_PROTOTYPES = YES;
				CLANG_WARN_SUSPICIOUS_MOVE = YES;
				CLANG_WARN_UNGUARDED_AVAILABILITY = YES_AGGRESSIVE;
				CLANG_WARN_UNREACHABLE_CODE = YES;
				CLANG_WARN__DUPLICATE_METHOD_MATCH = YES;
				COPY_PHASE_STRIP = NO;
				DEBUG_INFORMATION_FORMAT = "dwarf-with-dsym";
				ENABLE_NS_ASSERTIONS = NO;
				ENABLE_STRICT_OBJC_MSGSEND = YES;
				GCC_C_LANGUAGE_STANDARD = gnu11;
				GCC_NO_COMMON_BLOCKS = YES;
				GCC_WARN_64_TO_32_BIT_CONVERSION = YES;
				GCC_WARN_ABOUT_RETURN_TYPE = YES_ERROR;
				GCC_WARN_UNDECLARED_SELECTOR = YES;
				GCC_WARN_UNINITIALIZED_AUTOS = YES_AGGRESSIVE;
				GCC_WARN_UNUSED_FUNCTION = YES;
				GCC_WARN_UNUSED_VARIABLE = YES;
				IPHONEOS_DEPLOYMENT_TARGET = 15.2;
				MTL_ENABLE_DEBUG_INFO = NO;
				MTL_FAST_MATH = YES;
				SDKROOT = iphoneos;
				SWIFT_COMPILATION_MODE = wholemodule;
				SWIFT_OPTIMIZATION_LEVEL = "-O";
				VALIDATE_PRODUCT = YES;
			};
			name = Release;
		};
		FA28CC6A27E20ABE004D4AFB /* Debug */ = {
			isa = XCBuildConfiguration;
			buildSettings = {
				ASSETCATALOG_COMPILER_APPICON_NAME = AppIcon;
				ASSETCATALOG_COMPILER_GLOBAL_ACCENT_COLOR_NAME = AccentColor;
				CODE_SIGN_STYLE = Automatic;
				CURRENT_PROJECT_VERSION = 1;
				GENERATE_INFOPLIST_FILE = YES;
				INFOPLIST_FILE = Drink/Info.plist;
				INFOPLIST_KEY_UIApplicationSupportsIndirectInputEvents = YES;
				INFOPLIST_KEY_UILaunchStoryboardName = LaunchScreen;
				INFOPLIST_KEY_UIMainStoryboardFile = Main;
				INFOPLIST_KEY_UISupportedInterfaceOrientations_iPad = "UIInterfaceOrientationPortrait UIInterfaceOrientationPortraitUpsideDown UIInterfaceOrientationLandscapeLeft UIInterfaceOrientationLandscapeRight";
				INFOPLIST_KEY_UISupportedInterfaceOrientations_iPhone = "UIInterfaceOrientationPortrait UIInterfaceOrientationLandscapeLeft UIInterfaceOrientationLandscapeRight";
				LD_RUNPATH_SEARCH_PATHS = (
					"$(inherited)",
					"@executable_path/Frameworks",
				);
				MARKETING_VERSION = 1.0;
				PRODUCT_BUNDLE_IDENTIFIER = net.macnpc.Drink;
				PRODUCT_NAME = "$(TARGET_NAME)";
				SWIFT_EMIT_LOC_STRINGS = YES;
				SWIFT_VERSION = 5.0;
				TARGETED_DEVICE_FAMILY = "1,2";
			};
			name = Debug;
		};
		FA28CC6B27E20ABE004D4AFB /* Release */ = {
			isa = XCBuildConfiguration;
			buildSettings = {
				ASSETCATALOG_COMPILER_APPICON_NAME = AppIcon;
				ASSETCATALOG_COMPILER_GLOBAL_ACCENT_COLOR_NAME = AccentColor;
				CODE_SIGN_STYLE = Automatic;
				CURRENT_PROJECT_VERSION = 1;
				GENERATE_INFOPLIST_FILE = YES;
				INFOPLIST_FILE = Drink/Info.plist;
				INFOPLIST_KEY_UIApplicationSupportsIndirectInputEvents = YES;
				INFOPLIST_KEY_UILaunchStoryboardName = LaunchScreen;
				INFOPLIST_KEY_UIMainStoryboardFile = Main;
				INFOPLIST_KEY_UISupportedInterfaceOrientations_iPad = "UIInterfaceOrientationPortrait UIInterfaceOrientationPortraitUpsideDown UIInterfaceOrientationLandscapeLeft UIInterfaceOrientationLandscapeRight";
				INFOPLIST_KEY_UISupportedInterfaceOrientations_iPhone = "UIInterfaceOrientationPortrait UIInterfaceOrientationLandscapeLeft UIInterfaceOrientationLandscapeRight";
				LD_RUNPATH_SEARCH_PATHS = (
					"$(inherited)",
					"@executable_path/Frameworks",
				);
				MARKETING_VERSION = 1.0;
				PRODUCT_BUNDLE_IDENTIFIER = net.macnpc.Drink;
				PRODUCT_NAME = "$(TARGET_NAME)";
				SWIFT_EMIT_LOC_STRINGS = YES;
				SWIFT_VERSION = 5.0;
				TARGETED_DEVICE_FAMILY = "1,2";
			};
			name = Release;
		};
/* End XCBuildConfiguration section */

/* Begin XCConfigurationList section */
		FA28CC5027E20ABD004D4AFB /* Build configuration list for PBXProject "Drink" */ = {
			isa = XCConfigurationList;
			buildConfigurations = (
				FA28CC6727E20ABE004D4AFB /* Debug */,
				FA28CC6827E20ABE004D4AFB /* Release */,
			);
			defaultConfigurationIsVisible = 0;
			defaultConfigurationName = Release;
		};
		FA28CC6927E20ABE004D4AFB /* Build configuration list for PBXNativeTarget "Drink" */ = {
			isa = XCConfigurationList;
			buildConfigurations = (
				FA28CC6A27E20ABE004D4AFB /* Debug */,
				FA28CC6B27E20ABE004D4AFB /* Release */,
			);
			defaultConfigurationIsVisible = 0;
			defaultConfigurationName = Release;
		};
/* End XCConfigurationList section */
	};
	rootObject = FA28CC4D27E20ABD004D4AFB /* Project object */;
}
